
Microsoft Visual Studio Solution File, Format Version 12.00
# Visual Studio Version 16
VisualStudioVersion = 16.0.30804.86
MinimumVisualStudioVersion = 10.0.40219.1
Project("{FAE04EC0-301F-11D3-BF4B-00C04F79EFBC}") = "HDRProfile", "HDRProfile\HDRProfile.csproj", "{E26387C1-AFAD-46E2-A671-05E48AB5CB99}"
EndProject
Global
	GlobalSection(SolutionConfigurationPlatforms) = preSolution
		Debug|Any CPU = Debug|Any CPU
		Release|Any CPU = Release|Any CPU
	EndGlobalSection
	GlobalSection(ProjectConfigurationPlatforms) = postSolution
		{E26387C1-AFAD-46E2-A671-05E48AB5CB99}.Debug|Any CPU.ActiveCfg = Debug|Any CPU
		{E26387C1-AFAD-46E2-A671-05E48AB5CB99}.Debug|Any CPU.Build.0 = Debug|Any CPU
		{E26387C1-AFAD-46E2-A671-05E48AB5CB99}.Release|Any CPU.ActiveCfg = Release|Any CPU
		{E26387C1-AFAD-46E2-A671-05E48AB5CB99}.Release|Any CPU.Build.0 = Release|Any CPU
	EndGlobalSection
	GlobalSection(SolutionProperties) = preSolution
		HideSolutionNode = FALSE
	EndGlobalSection
	GlobalSection(ExtensibilityGlobals) = postSolution
		SolutionGuid = {1B610BE3-FA52-434E-A54E-FF2D67F09AA5}
	EndGlobalSection
EndGlobal
